
Microsoft Visual Studio Solution File, Format Version 12.00
# Visual Studio Version 16
VisualStudioVersion = 16.0.29418.71
MinimumVisualStudioVersion = 10.0.40219.1
Project("{FAE04EC0-301F-11D3-BF4B-00C04F79EFBC}") = "Selenium", "Selenium-CSharp\Selenium.csproj", "{EA3218A8-943A-4588-A9A7-B02F778CEFAC}"
EndProject
Global
	GlobalSection(SolutionConfigurationPlatforms) = preSolution
		Debug|Any CPU = Debug|Any CPU
		Release|Any CPU = Release|Any CPU
	EndGlobalSection
	GlobalSection(ProjectConfigurationPlatforms) = postSolution
		{EA3218A8-943A-4588-A9A7-B02F778CEFAC}.Debug|Any CPU.ActiveCfg = Debug|Any CPU
		{EA3218A8-943A-4588-A9A7-B02F778CEFAC}.Debug|Any CPU.Build.0 = Debug|Any CPU
		{EA3218A8-943A-4588-A9A7-B02F778CEFAC}.Release|Any CPU.ActiveCfg = Release|Any CPU
		{EA3218A8-943A-4588-A9A7-B02F778CEFAC}.Release|Any CPU.Build.0 = Release|Any CPU
	EndGlobalSection
	GlobalSection(SolutionProperties) = preSolution
		HideSolutionNode = FALSE
	EndGlobalSection
	GlobalSection(ExtensibilityGlobals) = postSolution
		SolutionGuid = {196937C8-B62A-4C5B-8EE8-283CA9FDB3D4}
	EndGlobalSection
EndGlobal
